
Microsoft Visual Studio Solution File, Format Version 12.00
# Visual Studio Version 17
VisualStudioVersion = 17.9.34701.34
MinimumVisualStudioVersion = 10.0.40219.1
Project("{FAE04EC0-301F-11D3-BF4B-00C04F79EFBC}") = "LV7", "LV7\LV7.csproj", "{231F9AA5-7C4D-44C1-984A-F4592185747D}"
EndProject
Global
	GlobalSection(SolutionConfigurationPlatforms) = preSolution
		Debug|Any CPU = Debug|Any CPU
		Release|Any CPU = Release|Any CPU
	EndGlobalSection
	GlobalSection(ProjectConfigurationPlatforms) = postSolution
		{231F9AA5-7C4D-44C1-984A-F4592185747D}.Debug|Any CPU.ActiveCfg = Debug|Any CPU
		{231F9AA5-7C4D-44C1-984A-F4592185747D}.Debug|Any CPU.Build.0 = Debug|Any CPU
		{231F9AA5-7C4D-44C1-984A-F4592185747D}.Release|Any CPU.ActiveCfg = Release|Any CPU
		{231F9AA5-7C4D-44C1-984A-F4592185747D}.Release|Any CPU.Build.0 = Release|Any CPU
	EndGlobalSection
	GlobalSection(SolutionProperties) = preSolution
		HideSolutionNode = FALSE
	EndGlobalSection
	GlobalSection(ExtensibilityGlobals) = postSolution
		SolutionGuid = {C7A5CCD5-60F5-40DF-9464-085689417B8B}
	EndGlobalSection
EndGlobal
